// !$*UTF8*$!
{
	archiveVersion = 1;
	classes = {
	};
	objectVersion = 46;
	objects = {

/* Begin PBXBuildFile section */
		2806FE5F1A205B9B000BAFA1 /* CRAlbum.m in Sources */ = {isa = PBXBuildFile; fileRef = 2806FE301A205B9B000BAFA1 /* CRAlbum.m */; };
		2806FE601A205B9B000BAFA1 /* CRLoader.m in Sources */ = {isa = PBXBuildFile; fileRef = 2806FE321A205B9B000BAFA1 /* CRLoader.m */; };
		2806FE611A205B9B000BAFA1 /* CRPhoto.m in Sources */ = {isa = PBXBuildFile; fileRef = 2806FE341A205B9B000BAFA1 /* CRPhoto.m */; };
		2806FE621A205B9B000BAFA1 /* FBAlbum.m in Sources */ = {isa = PBXBuildFile; fileRef = 2806FE371A205B9B000BAFA1 /* FBAlbum.m */; };
		2806FE631A205B9B000BAFA1 /* FBLoader.m in Sources */ = {isa = PBXBuildFile; fileRef = 2806FE391A205B9B000BAFA1 /* FBLoader.m */; };
		2806FE641A205B9B000BAFA1 /* IGLoader.m in Sources */ = {isa = PBXBuildFile; fileRef = 2806FE3C1A205B9B000BAFA1 /* IGLoader.m */; };
		2806FE651A205B9B000BAFA1 /* NIFAlbum.m in Sources */ = {isa = PBXBuildFile; fileRef = 2806FE3F1A205B9B000BAFA1 /* NIFAlbum.m */; };
		2806FE661A205B9B000BAFA1 /* NIFLoader.m in Sources */ = {isa = PBXBuildFile; fileRef = 2806FE411A205B9B000BAFA1 /* NIFLoader.m */; };
		2806FE671A205B9B000BAFA1 /* NIFPhoto.m in Sources */ = {isa = PBXBuildFile; fileRef = 2806FE431A205B9B000BAFA1 /* NIFPhoto.m */; };
		2806FE681A205B9B000BAFA1 /* SIAlbum.m in Sources */ = {isa = PBXBuildFile; fileRef = 2806FE461A205B9B000BAFA1 /* SIAlbum.m */; };
		2806FE691A205B9B000BAFA1 /* SILoader.m in Sources */ = {isa = PBXBuildFile; fileRef = 2806FE481A205B9B000BAFA1 /* SILoader.m */; };
		2806FE6A1A205B9B000BAFA1 /* SIPhoto.m in Sources */ = {isa = PBXBuildFile; fileRef = 2806FE4A1A205B9B000BAFA1 /* SIPhoto.m */; };
		2806FE6B1A205B9B000BAFA1 /* PSUAlbum.m in Sources */ = {isa = PBXBuildFile; fileRef = 2806FE4C1A205B9B000BAFA1 /* PSUAlbum.m */; };
		2806FE6C1A205B9B000BAFA1 /* PSULoader.m in Sources */ = {isa = PBXBuildFile; fileRef = 2806FE4E1A205B9B000BAFA1 /* PSULoader.m */; };
		2806FE6D1A205B9B000BAFA1 /* PSULoginManager.m in Sources */ = {isa = PBXBuildFile; fileRef = 2806FE501A205B9B000BAFA1 /* PSULoginManager.m */; };
		2806FE6E1A205B9B000BAFA1 /* PSUManager.m in Sources */ = {isa = PBXBuildFile; fileRef = 2806FE521A205B9B000BAFA1 /* PSUManager.m */; };
		2806FE6F1A205B9B000BAFA1 /* PSUPhoto.m in Sources */ = {isa = PBXBuildFile; fileRef = 2806FE541A205B9B000BAFA1 /* PSUPhoto.m */; };
		2806FE701A205B9B000BAFA1 /* PXLoader.m in Sources */ = {isa = PBXBuildFile; fileRef = 2806FE571A205B9B000BAFA1 /* PXLoader.m */; };
		2806FE711A205B9B000BAFA1 /* VItem.m in Sources */ = {isa = PBXBuildFile; fileRef = 2806FE5A1A205B9B000BAFA1 /* VItem.m */; };
		2806FE721A205B9B000BAFA1 /* VLoader.m in Sources */ = {isa = PBXBuildFile; fileRef = 2806FE5C1A205B9B000BAFA1 /* VLoader.m */; };
		2806FE731A205B9B000BAFA1 /* PSUWebPhoto.m in Sources */ = {isa = PBXBuildFile; fileRef = 2806FE5E1A205B9B000BAFA1 /* PSUWebPhoto.m */; };
		2806FE771A205F17000BAFA1 /* FacebookSDK.framework in Frameworks */ = {isa = PBXBuildFile; fileRef = 2806FE761A205F17000BAFA1 /* FacebookSDK.framework */; };
		2806FE7A1A205F39000BAFA1 /* RCLog.m in Sources */ = {isa = PBXBuildFile; fileRef = 2806FE791A205F39000BAFA1 /* RCLog.m */; };
		284D47D419F1CB0B00B63D18 /* main.m in Sources */ = {isa = PBXBuildFile; fileRef = 284D47D319F1CB0B00B63D18 /* main.m */; };
		284D47D719F1CB0B00B63D18 /* AppDelegate.m in Sources */ = {isa = PBXBuildFile; fileRef = 284D47D619F1CB0B00B63D18 /* AppDelegate.m */; };
		284D47DA19F1CB0B00B63D18 /* ViewController.m in Sources */ = {isa = PBXBuildFile; fileRef = 284D47D919F1CB0B00B63D18 /* ViewController.m */; };
		284D47DD19F1CB0B00B63D18 /* Main.storyboard in Resources */ = {isa = PBXBuildFile; fileRef = 284D47DB19F1CB0B00B63D18 /* Main.storyboard */; };
		284D47DF19F1CB0B00B63D18 /* Images.xcassets in Resources */ = {isa = PBXBuildFile; fileRef = 284D47DE19F1CB0B00B63D18 /* Images.xcassets */; };
		284D47E219F1CB0B00B63D18 /* LaunchScreen.xib in Resources */ = {isa = PBXBuildFile; fileRef = 284D47E019F1CB0B00B63D18 /* LaunchScreen.xib */; };
		284D47EE19F1CB0B00B63D18 /* TestAllServicesAppTests.m in Sources */ = {isa = PBXBuildFile; fileRef = 284D47ED19F1CB0B00B63D18 /* TestAllServicesAppTests.m */; };
/* End PBXBuildFile section */

/* Begin PBXContainerItemProxy section */
		284D47E819F1CB0B00B63D18 /* PBXContainerItemProxy */ = {
			isa = PBXContainerItemProxy;
			containerPortal = 284D47C619F1CB0B00B63D18 /* Project object */;
			proxyType = 1;
			remoteGlobalIDString = 284D47CD19F1CB0B00B63D18;
			remoteInfo = TestAllServicesApp;
		};
/* End PBXContainerItemProxy section */

/* Begin PBXFileReference section */
		2806FE2F1A205B9B000BAFA1 /* CRAlbum.h */ = {isa = PBXFileReference; fileEncoding = 4; lastKnownFileType = sourcecode.c.h; path = CRAlbum.h; sourceTree = "<group>"; };
		2806FE301A205B9B000BAFA1 /* CRAlbum.m */ = {isa = PBXFileReference; fileEncoding = 4; lastKnownFileType = sourcecode.c.objc; path = CRAlbum.m; sourceTree = "<group>"; };
		2806FE311A205B9B000BAFA1 /* CRLoader.h */ = {isa = PBXFileReference; fileEncoding = 4; lastKnownFileType = sourcecode.c.h; path = CRLoader.h; sourceTree = "<group>"; };
		2806FE321A205B9B000BAFA1 /* CRLoader.m */ = {isa = PBXFileReference; fileEncoding = 4; lastKnownFileType = sourcecode.c.objc; path = CRLoader.m; sourceTree = "<group>"; };
		2806FE331A205B9B000BAFA1 /* CRPhoto.h */ = {isa = PBXFileReference; fileEncoding = 4; lastKnownFileType = sourcecode.c.h; path = CRPhoto.h; sourceTree = "<group>"; };
		2806FE341A205B9B000BAFA1 /* CRPhoto.m */ = {isa = PBXFileReference; fileEncoding = 4; lastKnownFileType = sourcecode.c.objc; path = CRPhoto.m; sourceTree = "<group>"; };
		2806FE361A205B9B000BAFA1 /* FBAlbum.h */ = {isa = PBXFileReference; fileEncoding = 4; lastKnownFileType = sourcecode.c.h; path = FBAlbum.h; sourceTree = "<group>"; };
		2806FE371A205B9B000BAFA1 /* FBAlbum.m */ = {isa = PBXFileReference; fileEncoding = 4; lastKnownFileType = sourcecode.c.objc; path = FBAlbum.m; sourceTree = "<group>"; };
		2806FE381A205B9B000BAFA1 /* FBLoader.h */ = {isa = PBXFileReference; fileEncoding = 4; lastKnownFileType = sourcecode.c.h; path = FBLoader.h; sourceTree = "<group>"; };
		2806FE391A205B9B000BAFA1 /* FBLoader.m */ = {isa = PBXFileReference; fileEncoding = 4; lastKnownFileType = sourcecode.c.objc; path = FBLoader.m; sourceTree = "<group>"; };
		2806FE3B1A205B9B000BAFA1 /* IGLoader.h */ = {isa = PBXFileReference; fileEncoding = 4; lastKnownFileType = sourcecode.c.h; path = IGLoader.h; sourceTree = "<group>"; };
		2806FE3C1A205B9B000BAFA1 /* IGLoader.m */ = {isa = PBXFileReference; fileEncoding = 4; lastKnownFileType = sourcecode.c.objc; path = IGLoader.m; sourceTree = "<group>"; };
		2806FE3E1A205B9B000BAFA1 /* NIFAlbum.h */ = {isa = PBXFileReference; fileEncoding = 4; lastKnownFileType = sourcecode.c.h; path = NIFAlbum.h; sourceTree = "<group>"; };
		2806FE3F1A205B9B000BAFA1 /* NIFAlbum.m */ = {isa = PBXFileReference; fileEncoding = 4; lastKnownFileType = sourcecode.c.objc; path = NIFAlbum.m; sourceTree = "<group>"; };
		2806FE401A205B9B000BAFA1 /* NIFLoader.h */ = {isa = PBXFileReference; fileEncoding = 4; lastKnownFileType = sourcecode.c.h; path = NIFLoader.h; sourceTree = "<group>"; };
		2806FE411A205B9B000BAFA1 /* NIFLoader.m */ = {isa = PBXFileReference; fileEncoding = 4; lastKnownFileType = sourcecode.c.objc; path = NIFLoader.m; sourceTree = "<group>"; };
		2806FE421A205B9B000BAFA1 /* NIFPhoto.h */ = {isa = PBXFileReference; fileEncoding = 4; lastKnownFileType = sourcecode.c.h; path = NIFPhoto.h; sourceTree = "<group>"; };
		2806FE431A205B9B000BAFA1 /* NIFPhoto.m */ = {isa = PBXFileReference; fileEncoding = 4; lastKnownFileType = sourcecode.c.objc; path = NIFPhoto.m; sourceTree = "<group>"; };
		2806FE451A205B9B000BAFA1 /* SIAlbum.h */ = {isa = PBXFileReference; fileEncoding = 4; lastKnownFileType = sourcecode.c.h; path = SIAlbum.h; sourceTree = "<group>"; };
		2806FE461A205B9B000BAFA1 /* SIAlbum.m */ = {isa = PBXFileReference; fileEncoding = 4; lastKnownFileType = sourcecode.c.objc; path = SIAlbum.m; sourceTree = "<group>"; };
		2806FE471A205B9B000BAFA1 /* SILoader.h */ = {isa = PBXFileReference; fileEncoding = 4; lastKnownFileType = sourcecode.c.h; path = SILoader.h; sourceTree = "<group>"; };
		2806FE481A205B9B000BAFA1 /* SILoader.m */ = {isa = PBXFileReference; fileEncoding = 4; lastKnownFileType = sourcecode.c.objc; path = SILoader.m; sourceTree = "<group>"; };
		2806FE491A205B9B000BAFA1 /* SIPhoto.h */ = {isa = PBXFileReference; fileEncoding = 4; lastKnownFileType = sourcecode.c.h; path = SIPhoto.h; sourceTree = "<group>"; };
		2806FE4A1A205B9B000BAFA1 /* SIPhoto.m */ = {isa = PBXFileReference; fileEncoding = 4; lastKnownFileType = sourcecode.c.objc; path = SIPhoto.m; sourceTree = "<group>"; };
		2806FE4B1A205B9B000BAFA1 /* PSUAlbum.h */ = {isa = PBXFileReference; fileEncoding = 4; lastKnownFileType = sourcecode.c.h; path = PSUAlbum.h; sourceTree = "<group>"; };
		2806FE4C1A205B9B000BAFA1 /* PSUAlbum.m */ = {isa = PBXFileReference; fileEncoding = 4; lastKnownFileType = sourcecode.c.objc; path = PSUAlbum.m; sourceTree = "<group>"; };
		2806FE4D1A205B9B000BAFA1 /* PSULoader.h */ = {isa = PBXFileReference; fileEncoding = 4; lastKnownFileType = sourcecode.c.h; path = PSULoader.h; sourceTree = "<group>"; };
		2806FE4E1A205B9B000BAFA1 /* PSULoader.m */ = {isa = PBXFileReference; fileEncoding = 4; lastKnownFileType = sourcecode.c.objc; path = PSULoader.m; sourceTree = "<group>"; };
		2806FE4F1A205B9B000BAFA1 /* PSULoginManager.h */ = {isa = PBXFileReference; fileEncoding = 4; lastKnownFileType = sourcecode.c.h; path = PSULoginManager.h; sourceTree = "<group>"; };
		2806FE501A205B9B000BAFA1 /* PSULoginManager.m */ = {isa = PBXFileReference; fileEncoding = 4; lastKnownFileType = sourcecode.c.objc; path = PSULoginManager.m; sourceTree = "<group>"; };
		2806FE511A205B9B000BAFA1 /* PSUManager.h */ = {isa = PBXFileReference; fileEncoding = 4; lastKnownFileType = sourcecode.c.h; path = PSUManager.h; sourceTree = "<group>"; };
		2806FE521A205B9B000BAFA1 /* PSUManager.m */ = {isa = PBXFileReference; fileEncoding = 4; lastKnownFileType = sourcecode.c.objc; path = PSUManager.m; sourceTree = "<group>"; };
		2806FE531A205B9B000BAFA1 /* PSUPhoto.h */ = {isa = PBXFileReference; fileEncoding = 4; lastKnownFileType = sourcecode.c.h; path = PSUPhoto.h; sourceTree = "<group>"; };
		2806FE541A205B9B000BAFA1 /* PSUPhoto.m */ = {isa = PBXFileReference; fileEncoding = 4; lastKnownFileType = sourcecode.c.objc; path = PSUPhoto.m; sourceTree = "<group>"; };
		2806FE561A205B9B000BAFA1 /* PXLoader.h */ = {isa = PBXFileReference; fileEncoding = 4; lastKnownFileType = sourcecode.c.h; path = PXLoader.h; sourceTree = "<group>"; };
		2806FE571A205B9B000BAFA1 /* PXLoader.m */ = {isa = PBXFileReference; fileEncoding = 4; lastKnownFileType = sourcecode.c.objc; path = PXLoader.m; sourceTree = "<group>"; };
		2806FE591A205B9B000BAFA1 /* VItem.h */ = {isa = PBXFileReference; fileEncoding = 4; lastKnownFileType = sourcecode.c.h; path = VItem.h; sourceTree = "<group>"; };
		2806FE5A1A205B9B000BAFA1 /* VItem.m */ = {isa = PBXFileReference; fileEncoding = 4; lastKnownFileType = sourcecode.c.objc; path = VItem.m; sourceTree = "<group>"; };
		2806FE5B1A205B9B000BAFA1 /* VLoader.h */ = {isa = PBXFileReference; fileEncoding = 4; lastKnownFileType = sourcecode.c.h; path = VLoader.h; sourceTree = "<group>"; };
		2806FE5C1A205B9B000BAFA1 /* VLoader.m */ = {isa = PBXFileReference; fileEncoding = 4; lastKnownFileType = sourcecode.c.objc; path = VLoader.m; sourceTree = "<group>"; };
		2806FE5D1A205B9B000BAFA1 /* PSUWebPhoto.h */ = {isa = PBXFileReference; fileEncoding = 4; lastKnownFileType = sourcecode.c.h; path = PSUWebPhoto.h; sourceTree = "<group>"; };
		2806FE5E1A205B9B000BAFA1 /* PSUWebPhoto.m */ = {isa = PBXFileReference; fileEncoding = 4; lastKnownFileType = sourcecode.c.objc; path = PSUWebPhoto.m; sourceTree = "<group>"; };
		2806FE761A205F17000BAFA1 /* FacebookSDK.framework */ = {isa = PBXFileReference; lastKnownFileType = wrapper.framework; name = FacebookSDK.framework; path = ../../vendor/FacebookSDK.framework; sourceTree = "<group>"; };
		2806FE781A205F39000BAFA1 /* RCLog.h */ = {isa = PBXFileReference; fileEncoding = 4; lastKnownFileType = sourcecode.c.h; name = RCLog.h; path = ../../../RCLog/src/RCLog.h; sourceTree = "<group>"; };
		2806FE791A205F39000BAFA1 /* RCLog.m */ = {isa = PBXFileReference; fileEncoding = 4; lastKnownFileType = sourcecode.c.objc; name = RCLog.m; path = ../../../RCLog/src/RCLog.m; sourceTree = "<group>"; };
		2806FE7B1A2066A3000BAFA1 /* PSUEnums.h */ = {isa = PBXFileReference; fileEncoding = 4; lastKnownFileType = sourcecode.c.h; path = PSUEnums.h; sourceTree = "<group>"; };
		284D47CE19F1CB0B00B63D18 /* TestAllServicesApp.app */ = {isa = PBXFileReference; explicitFileType = wrapper.application; includeInIndex = 0; path = TestAllServicesApp.app; sourceTree = BUILT_PRODUCTS_DIR; };
		284D47D219F1CB0B00B63D18 /* Info.plist */ = {isa = PBXFileReference; lastKnownFileType = text.plist.xml; path = Info.plist; sourceTree = "<group>"; };
		284D47D319F1CB0B00B63D18 /* main.m */ = {isa = PBXFileReference; lastKnownFileType = sourcecode.c.objc; path = main.m; sourceTree = "<group>"; };
		284D47D519F1CB0B00B63D18 /* AppDelegate.h */ = {isa = PBXFileReference; lastKnownFileType = sourcecode.c.h; path = AppDelegate.h; sourceTree = "<group>"; };
		284D47D619F1CB0B00B63D18 /* AppDelegate.m */ = {isa = PBXFileReference; lastKnownFileType = sourcecode.c.objc; path = AppDelegate.m; sourceTree = "<group>"; };
		284D47D819F1CB0B00B63D18 /* ViewController.h */ = {isa = PBXFileReference; lastKnownFileType = sourcecode.c.h; path = ViewController.h; sourceTree = "<group>"; };
		284D47D919F1CB0B00B63D18 /* ViewController.m */ = {isa = PBXFileReference; lastKnownFileType = sourcecode.c.objc; path = ViewController.m; sourceTree = "<group>"; };
		284D47DC19F1CB0B00B63D18 /* Base */ = {isa = PBXFileReference; lastKnownFileType = file.storyboard; name = Base; path = Base.lproj/Main.storyboard; sourceTree = "<group>"; };
		284D47DE19F1CB0B00B63D18 /* Images.xcassets */ = {isa = PBXFileReference; lastKnownFileType = folder.assetcatalog; path = Images.xcassets; sourceTree = "<group>"; };
		284D47E119F1CB0B00B63D18 /* Base */ = {isa = PBXFileReference; lastKnownFileType = file.xib; name = Base; path = Base.lproj/LaunchScreen.xib; sourceTree = "<group>"; };
		284D47E719F1CB0B00B63D18 /* TestAllServicesAppTests.xctest */ = {isa = PBXFileReference; explicitFileType = wrapper.cfbundle; includeInIndex = 0; path = TestAllServicesAppTests.xctest; sourceTree = BUILT_PRODUCTS_DIR; };
		284D47EC19F1CB0B00B63D18 /* Info.plist */ = {isa = PBXFileReference; lastKnownFileType = text.plist.xml; path = Info.plist; sourceTree = "<group>"; };
		284D47ED19F1CB0B00B63D18 /* TestAllServicesAppTests.m */ = {isa = PBXFileReference; lastKnownFileType = sourcecode.c.objc; path = TestAllServicesAppTests.m; sourceTree = "<group>"; };
/* End PBXFileReference section */

/* Begin PBXFrameworksBuildPhase section */
		284D47CB19F1CB0B00B63D18 /* Frameworks */ = {
			isa = PBXFrameworksBuildPhase;
			buildActionMask = 2147483647;
			files = (
				2806FE771A205F17000BAFA1 /* FacebookSDK.framework in Frameworks */,
			);
			runOnlyForDeploymentPostprocessing = 0;
		};
		284D47E419F1CB0B00B63D18 /* Frameworks */ = {
			isa = PBXFrameworksBuildPhase;
			buildActionMask = 2147483647;
			files = (
			);
			runOnlyForDeploymentPostprocessing = 0;
		};
/* End PBXFrameworksBuildPhase section */

/* Begin PBXGroup section */
		2806FE2D1A205B9B000BAFA1 /* src */ = {
			isa = PBXGroup;
			children = (
				2806FE2E1A205B9B000BAFA1 /* camera roll */,
				2806FE351A205B9B000BAFA1 /* facebook */,
				2806FE3A1A205B9B000BAFA1 /* instagram */,
				2806FE3D1A205B9B000BAFA1 /* nifmagazine.com */,
				2806FE441A205B9B000BAFA1 /* photosight.ru */,
				2806FE4B1A205B9B000BAFA1 /* PSUAlbum.h */,
				2806FE4C1A205B9B000BAFA1 /* PSUAlbum.m */,
				2806FE7B1A2066A3000BAFA1 /* PSUEnums.h */,
				2806FE4D1A205B9B000BAFA1 /* PSULoader.h */,
				2806FE4E1A205B9B000BAFA1 /* PSULoader.m */,
				2806FE4F1A205B9B000BAFA1 /* PSULoginManager.h */,
				2806FE501A205B9B000BAFA1 /* PSULoginManager.m */,
				2806FE511A205B9B000BAFA1 /* PSUManager.h */,
				2806FE521A205B9B000BAFA1 /* PSUManager.m */,
				2806FE531A205B9B000BAFA1 /* PSUPhoto.h */,
				2806FE541A205B9B000BAFA1 /* PSUPhoto.m */,
				2806FE551A205B9B000BAFA1 /* px500 */,
				2806FE581A205B9B000BAFA1 /* video */,
				2806FE5D1A205B9B000BAFA1 /* PSUWebPhoto.h */,
				2806FE5E1A205B9B000BAFA1 /* PSUWebPhoto.m */,
			);
			name = src;
			path = ../../src;
			sourceTree = "<group>";
		};
		2806FE2E1A205B9B000BAFA1 /* camera roll */ = {
			isa = PBXGroup;
			children = (
				2806FE2F1A205B9B000BAFA1 /* CRAlbum.h */,
				2806FE301A205B9B000BAFA1 /* CRAlbum.m */,
				2806FE311A205B9B000BAFA1 /* CRLoader.h */,
				2806FE321A205B9B000BAFA1 /* CRLoader.m */,
				2806FE331A205B9B000BAFA1 /* CRPhoto.h */,
				2806FE341A205B9B000BAFA1 /* CRPhoto.m */,
			);
			path = "camera roll";
			sourceTree = "<group>";
		};
		2806FE351A205B9B000BAFA1 /* facebook */ = {
			isa = PBXGroup;
			children = (
				2806FE361A205B9B000BAFA1 /* FBAlbum.h */,
				2806FE371A205B9B000BAFA1 /* FBAlbum.m */,
				2806FE381A205B9B000BAFA1 /* FBLoader.h */,
				2806FE391A205B9B000BAFA1 /* FBLoader.m */,
			);
			path = facebook;
			sourceTree = "<group>";
		};
		2806FE3A1A205B9B000BAFA1 /* instagram */ = {
			isa = PBXGroup;
			children = (
				2806FE3B1A205B9B000BAFA1 /* IGLoader.h */,
				2806FE3C1A205B9B000BAFA1 /* IGLoader.m */,
			);
			path = instagram;
			sourceTree = "<group>";
		};
		2806FE3D1A205B9B000BAFA1 /* nifmagazine.com */ = {
			isa = PBXGroup;
			children = (
				2806FE3E1A205B9B000BAFA1 /* NIFAlbum.h */,
				2806FE3F1A205B9B000BAFA1 /* NIFAlbum.m */,
				2806FE401A205B9B000BAFA1 /* NIFLoader.h */,
				2806FE411A205B9B000BAFA1 /* NIFLoader.m */,
				2806FE421A205B9B000BAFA1 /* NIFPhoto.h */,
				2806FE431A205B9B000BAFA1 /* NIFPhoto.m */,
			);
			path = nifmagazine.com;
			sourceTree = "<group>";
		};
		2806FE441A205B9B000BAFA1 /* photosight.ru */ = {
			isa = PBXGroup;
			children = (
				2806FE451A205B9B000BAFA1 /* SIAlbum.h */,
				2806FE461A205B9B000BAFA1 /* SIAlbum.m */,
				2806FE471A205B9B000BAFA1 /* SILoader.h */,
				2806FE481A205B9B000BAFA1 /* SILoader.m */,
				2806FE491A205B9B000BAFA1 /* SIPhoto.h */,
				2806FE4A1A205B9B000BAFA1 /* SIPhoto.m */,
			);
			path = photosight.ru;
			sourceTree = "<group>";
		};
		2806FE551A205B9B000BAFA1 /* px500 */ = {
			isa = PBXGroup;
			children = (
				2806FE561A205B9B000BAFA1 /* PXLoader.h */,
				2806FE571A205B9B000BAFA1 /* PXLoader.m */,
			);
			path = px500;
			sourceTree = "<group>";
		};
		2806FE581A205B9B000BAFA1 /* video */ = {
			isa = PBXGroup;
			children = (
				2806FE591A205B9B000BAFA1 /* VItem.h */,
				2806FE5A1A205B9B000BAFA1 /* VItem.m */,
				2806FE5B1A205B9B000BAFA1 /* VLoader.h */,
				2806FE5C1A205B9B000BAFA1 /* VLoader.m */,
			);
			path = video;
			sourceTree = "<group>";
		};
		2806FE741A205EED000BAFA1 /* Views */ = {
			isa = PBXGroup;
			children = (
				284D47DB19F1CB0B00B63D18 /* Main.storyboard */,
				284D47E019F1CB0B00B63D18 /* LaunchScreen.xib */,
			);
			name = Views;
			sourceTree = "<group>";
		};
		2806FE751A205F01000BAFA1 /* Vendor */ = {
			isa = PBXGroup;
			children = (
				2806FE781A205F39000BAFA1 /* RCLog.h */,
				2806FE791A205F39000BAFA1 /* RCLog.m */,
				2806FE761A205F17000BAFA1 /* FacebookSDK.framework */,
			);
			name = Vendor;
			sourceTree = "<group>";
		};
		284D47C519F1CB0B00B63D18 = {
			isa = PBXGroup;
			children = (
				284D47D019F1CB0B00B63D18 /* TestAllServicesApp */,
				284D47EA19F1CB0B00B63D18 /* TestAllServicesAppTests */,
				284D47CF19F1CB0B00B63D18 /* Products */,
			);
			sourceTree = "<group>";
		};
		284D47CF19F1CB0B00B63D18 /* Products */ = {
			isa = PBXGroup;
			children = (
				284D47CE19F1CB0B00B63D18 /* TestAllServicesApp.app */,
				284D47E719F1CB0B00B63D18 /* TestAllServicesAppTests.xctest */,
			);
			name = Products;
			sourceTree = "<group>";
		};
		284D47D019F1CB0B00B63D18 /* TestAllServicesApp */ = {
			isa = PBXGroup;
			children = (
				2806FE751A205F01000BAFA1 /* Vendor */,
				284D47D519F1CB0B00B63D18 /* AppDelegate.h */,
				284D47D619F1CB0B00B63D18 /* AppDelegate.m */,
				284D47D819F1CB0B00B63D18 /* ViewController.h */,
				284D47D919F1CB0B00B63D18 /* ViewController.m */,
				2806FE741A205EED000BAFA1 /* Views */,
				284D47DE19F1CB0B00B63D18 /* Images.xcassets */,
				284D47F719F1CB6100B63D18 /* lib */,
				284D47D119F1CB0B00B63D18 /* Supporting Files */,
			);
			path = TestAllServicesApp;
			sourceTree = "<group>";
		};
		284D47D119F1CB0B00B63D18 /* Supporting Files */ = {
			isa = PBXGroup;
			children = (
				284D47D219F1CB0B00B63D18 /* Info.plist */,
				284D47D319F1CB0B00B63D18 /* main.m */,
			);
			name = "Supporting Files";
			sourceTree = "<group>";
		};
		284D47EA19F1CB0B00B63D18 /* TestAllServicesAppTests */ = {
			isa = PBXGroup;
			children = (
				284D47ED19F1CB0B00B63D18 /* TestAllServicesAppTests.m */,
				284D47EB19F1CB0B00B63D18 /* Supporting Files */,
			);
			path = TestAllServicesAppTests;
			sourceTree = "<group>";
		};
		284D47EB19F1CB0B00B63D18 /* Supporting Files */ = {
			isa = PBXGroup;
			children = (
				284D47EC19F1CB0B00B63D18 /* Info.plist */,
			);
			name = "Supporting Files";
			sourceTree = "<group>";
		};
		284D47F719F1CB6100B63D18 /* lib */ = {
			isa = PBXGroup;
			children = (
				2806FE2D1A205B9B000BAFA1 /* src */,
			);
			name = lib;
			sourceTree = "<group>";
		};
/* End PBXGroup section */

/* Begin PBXNativeTarget section */
		284D47CD19F1CB0B00B63D18 /* TestAllServicesApp */ = {
			isa = PBXNativeTarget;
			buildConfigurationList = 284D47F119F1CB0B00B63D18 /* Build configuration list for PBXNativeTarget "TestAllServicesApp" */;
			buildPhases = (
				284D47CA19F1CB0B00B63D18 /* Sources */,
				284D47CB19F1CB0B00B63D18 /* Frameworks */,
				284D47CC19F1CB0B00B63D18 /* Resources */,
			);
			buildRules = (
			);
			dependencies = (
			);
			name = TestAllServicesApp;
			productName = TestAllServicesApp;
			productReference = 284D47CE19F1CB0B00B63D18 /* TestAllServicesApp.app */;
			productType = "com.apple.product-type.application";
		};
		284D47E619F1CB0B00B63D18 /* TestAllServicesAppTests */ = {
			isa = PBXNativeTarget;
			buildConfigurationList = 284D47F419F1CB0B00B63D18 /* Build configuration list for PBXNativeTarget "TestAllServicesAppTests" */;
			buildPhases = (
				284D47E319F1CB0B00B63D18 /* Sources */,
				284D47E419F1CB0B00B63D18 /* Frameworks */,
				284D47E519F1CB0B00B63D18 /* Resources */,
			);
			buildRules = (
			);
			dependencies = (
				284D47E919F1CB0B00B63D18 /* PBXTargetDependency */,
			);
			name = TestAllServicesAppTests;
			productName = TestAllServicesAppTests;
			productReference = 284D47E719F1CB0B00B63D18 /* TestAllServicesAppTests.xctest */;
			productType = "com.apple.product-type.bundle.unit-test";
		};
/* End PBXNativeTarget section */

/* Begin PBXProject section */
		284D47C619F1CB0B00B63D18 /* Project object */ = {
			isa = PBXProject;
			attributes = {
				LastUpgradeCheck = 0600;
				ORGANIZATIONNAME = "Baluta Cristian";
				TargetAttributes = {
					284D47CD19F1CB0B00B63D18 = {
						CreatedOnToolsVersion = 6.0.1;
					};
					284D47E619F1CB0B00B63D18 = {
						CreatedOnToolsVersion = 6.0.1;
						TestTargetID = 284D47CD19F1CB0B00B63D18;
					};
				};
			};
			buildConfigurationList = 284D47C919F1CB0B00B63D18 /* Build configuration list for PBXProject "TestAllServicesApp" */;
			compatibilityVersion = "Xcode 3.2";
			developmentRegion = English;
			hasScannedForEncodings = 0;
			knownRegions = (
				en,
				Base,
			);
			mainGroup = 284D47C519F1CB0B00B63D18;
			productRefGroup = 284D47CF19F1CB0B00B63D18 /* Products */;
			projectDirPath = "";
			projectRoot = "";
			targets = (
				284D47CD19F1CB0B00B63D18 /* TestAllServicesApp */,
				284D47E619F1CB0B00B63D18 /* TestAllServicesAppTests */,
			);
		};
/* End PBXProject section */

/* Begin PBXResourcesBuildPhase section */
		284D47CC19F1CB0B00B63D18 /* Resources */ = {
			isa = PBXResourcesBuildPhase;
			buildActionMask = 2147483647;
			files = (
				284D47DD19F1CB0B00B63D18 /* Main.storyboard in Resources */,
				284D47E219F1CB0B00B63D18 /* LaunchScreen.xib in Resources */,
				284D47DF19F1CB0B00B63D18 /* Images.xcassets in Resources */,
			);
			runOnlyForDeploymentPostprocessing = 0;
		};
		284D47E519F1CB0B00B63D18 /* Resources */ = {
			isa = PBXResourcesBuildPhase;
			buildActionMask = 2147483647;
			files = (
			);
			runOnlyForDeploymentPostprocessing = 0;
		};
/* End PBXResourcesBuildPhase section */

/* Begin PBXSourcesBuildPhase section */
		284D47CA19F1CB0B00B63D18 /* Sources */ = {
			isa = PBXSourcesBuildPhase;
			buildActionMask = 2147483647;
			files = (
				2806FE701A205B9B000BAFA1 /* PXLoader.m in Sources */,
				2806FE7A1A205F39000BAFA1 /* RCLog.m in Sources */,
				2806FE711A205B9B000BAFA1 /* VItem.m in Sources */,
				2806FE671A205B9B000BAFA1 /* NIFPhoto.m in Sources */,
				2806FE621A205B9B000BAFA1 /* FBAlbum.m in Sources */,
				2806FE601A205B9B000BAFA1 /* CRLoader.m in Sources */,
				2806FE6E1A205B9B000BAFA1 /* PSUManager.m in Sources */,
				284D47DA19F1CB0B00B63D18 /* ViewController.m in Sources */,
				2806FE681A205B9B000BAFA1 /* SIAlbum.m in Sources */,
				2806FE641A205B9B000BAFA1 /* IGLoader.m in Sources */,
				284D47D719F1CB0B00B63D18 /* AppDelegate.m in Sources */,
				2806FE631A205B9B000BAFA1 /* FBLoader.m in Sources */,
				2806FE721A205B9B000BAFA1 /* VLoader.m in Sources */,
				2806FE5F1A205B9B000BAFA1 /* CRAlbum.m in Sources */,
				284D47D419F1CB0B00B63D18 /* main.m in Sources */,
				2806FE611A205B9B000BAFA1 /* CRPhoto.m in Sources */,
				2806FE661A205B9B000BAFA1 /* NIFLoader.m in Sources */,
				2806FE6A1A205B9B000BAFA1 /* SIPhoto.m in Sources */,
				2806FE691A205B9B000BAFA1 /* SILoader.m in Sources */,
				2806FE6B1A205B9B000BAFA1 /* PSUAlbum.m in Sources */,
				2806FE651A205B9B000BAFA1 /* NIFAlbum.m in Sources */,
				2806FE6D1A205B9B000BAFA1 /* PSULoginManager.m in Sources */,
				2806FE731A205B9B000BAFA1 /* PSUWebPhoto.m in Sources */,
				2806FE6C1A205B9B000BAFA1 /* PSULoader.m in Sources */,
				2806FE6F1A205B9B000BAFA1 /* PSUPhoto.m in Sources */,
			);
			runOnlyForDeploymentPostprocessing = 0;
		};
		284D47E319F1CB0B00B63D18 /* Sources */ = {
			isa = PBXSourcesBuildPhase;
			buildActionMask = 2147483647;
			files = (
				284D47EE19F1CB0B00B63D18 /* TestAllServicesAppTests.m in Sources */,
			);
			runOnlyForDeploymentPostprocessing = 0;
		};
/* End PBXSourcesBuildPhase section */

/* Begin PBXTargetDependency section */
		284D47E919F1CB0B00B63D18 /* PBXTargetDependency */ = {
			isa = PBXTargetDependency;
			target = 284D47CD19F1CB0B00B63D18 /* TestAllServicesApp */;
			targetProxy = 284D47E819F1CB0B00B63D18 /* PBXContainerItemProxy */;
		};
/* End PBXTargetDependency section */

/* Begin PBXVariantGroup section */
		284D47DB19F1CB0B00B63D18 /* Main.storyboard */ = {
			isa = PBXVariantGroup;
			children = (
				284D47DC19F1CB0B00B63D18 /* Base */,
			);
			name = Main.storyboard;
			sourceTree = "<group>";
		};
		284D47E019F1CB0B00B63D18 /* LaunchScreen.xib */ = {
			isa = PBXVariantGroup;
			children = (
				284D47E119F1CB0B00B63D18 /* Base */,
			);
			name = LaunchScreen.xib;
			sourceTree = "<group>";
		};
/* End PBXVariantGroup section */

/* Begin XCBuildConfiguration section */
		284D47EF19F1CB0B00B63D18 /* Debug */ = {
			isa = XCBuildConfiguration;
			buildSettings = {
				ALWAYS_SEARCH_USER_PATHS = NO;
				CLANG_CXX_LANGUAGE_STANDARD = "gnu++0x";
				CLANG_CXX_LIBRARY = "libc++";
				CLANG_ENABLE_MODULES = YES;
				CLANG_ENABLE_OBJC_ARC = YES;
				CLANG_WARN_BOOL_CONVERSION = YES;
				CLANG_WARN_CONSTANT_CONVERSION = YES;
				CLANG_WARN_DIRECT_OBJC_ISA_USAGE = YES_ERROR;
				CLANG_WARN_EMPTY_BODY = YES;
				CLANG_WARN_ENUM_CONVERSION = YES;
				CLANG_WARN_INT_CONVERSION = YES;
				CLANG_WARN_OBJC_ROOT_CLASS = YES_ERROR;
				CLANG_WARN_UNREACHABLE_CODE = YES;
				CLANG_WARN__DUPLICATE_METHOD_MATCH = YES;
				"CODE_SIGN_IDENTITY[sdk=iphoneos*]" = "iPhone Developer";
				COPY_PHASE_STRIP = NO;
				ENABLE_STRICT_OBJC_MSGSEND = YES;
				GCC_C_LANGUAGE_STANDARD = gnu99;
				GCC_DYNAMIC_NO_PIC = NO;
				GCC_OPTIMIZATION_LEVEL = 0;
				GCC_PREPROCESSOR_DEFINITIONS = (
					"DEBUG=1",
					"$(inherited)",
				);
				GCC_SYMBOLS_PRIVATE_EXTERN = NO;
				GCC_WARN_64_TO_32_BIT_CONVERSION = YES;
				GCC_WARN_ABOUT_RETURN_TYPE = YES_ERROR;
				GCC_WARN_UNDECLARED_SELECTOR = YES;
				GCC_WARN_UNINITIALIZED_AUTOS = YES_AGGRESSIVE;
				GCC_WARN_UNUSED_FUNCTION = YES;
				GCC_WARN_UNUSED_VARIABLE = YES;
				IPHONEOS_DEPLOYMENT_TARGET = 8.0;
				MTL_ENABLE_DEBUG_INFO = YES;
				ONLY_ACTIVE_ARCH = YES;
				SDKROOT = iphoneos;
				TARGETED_DEVICE_FAMILY = "1,2";
			};
			name = Debug;
		};
		284D47F019F1CB0B00B63D18 /* Release */ = {
			isa = XCBuildConfiguration;
			buildSettings = {
				ALWAYS_SEARCH_USER_PATHS = NO;
				CLANG_CXX_LANGUAGE_STANDARD = "gnu++0x";
				CLANG_CXX_LIBRARY = "libc++";
				CLANG_ENABLE_MODULES = YES;
				CLANG_ENABLE_OBJC_ARC = YES;
				CLANG_WARN_BOOL_CONVERSION = YES;
				CLANG_WARN_CONSTANT_CONVERSION = YES;
				CLANG_WARN_DIRECT_OBJC_ISA_USAGE = YES_ERROR;
				CLANG_WARN_EMPTY_BODY = YES;
				CLANG_WARN_ENUM_CONVERSION = YES;
				CLANG_WARN_INT_CONVERSION = YES;
				CLANG_WARN_OBJC_ROOT_CLASS = YES_ERROR;
				CLANG_WARN_UNREACHABLE_CODE = YES;
				CLANG_WARN__DUPLICATE_METHOD_MATCH = YES;
				"CODE_SIGN_IDENTITY[sdk=iphoneos*]" = "iPhone Developer";
				COPY_PHASE_STRIP = YES;
				ENABLE_NS_ASSERTIONS = NO;
				ENABLE_STRICT_OBJC_MSGSEND = YES;
				GCC_C_LANGUAGE_STANDARD = gnu99;
				GCC_WARN_64_TO_32_BIT_CONVERSION = YES;
				GCC_WARN_ABOUT_RETURN_TYPE = YES_ERROR;
				GCC_WARN_UNDECLARED_SELECTOR = YES;
				GCC_WARN_UNINITIALIZED_AUTOS = YES_AGGRESSIVE;
				GCC_WARN_UNUSED_FUNCTION = YES;
				GCC_WARN_UNUSED_VARIABLE = YES;
				IPHONEOS_DEPLOYMENT_TARGET = 8.0;
				MTL_ENABLE_DEBUG_INFO = NO;
				SDKROOT = iphoneos;
				TARGETED_DEVICE_FAMILY = "1,2";
				VALIDATE_PRODUCT = YES;
			};
			name = Release;
		};
		284D47F219F1CB0B00B63D18 /* Debug */ = {
			isa = XCBuildConfiguration;
			buildSettings = {
				ASSETCATALOG_COMPILER_APPICON_NAME = AppIcon;
				FRAMEWORK_SEARCH_PATHS = (
					"$(inherited)",
					"/Users/Cristi/Documents/Photo-Services-Unified-API/vendor",
				);
				INFOPLIST_FILE = TestAllServicesApp/Info.plist;
				LD_RUNPATH_SEARCH_PATHS = "$(inherited) @executable_path/Frameworks";
				PRODUCT_NAME = "$(TARGET_NAME)";
			};
			name = Debug;
		};
		284D47F319F1CB0B00B63D18 /* Release */ = {
			isa = XCBuildConfiguration;
			buildSettings = {
				ASSETCATALOG_COMPILER_APPICON_NAME = AppIcon;
				FRAMEWORK_SEARCH_PATHS = (
					"$(inherited)",
					"/Users/Cristi/Documents/Photo-Services-Unified-API/vendor",
				);
				INFOPLIST_FILE = TestAllServicesApp/Info.plist;
				LD_RUNPATH_SEARCH_PATHS = "$(inherited) @executable_path/Frameworks";
				PRODUCT_NAME = "$(TARGET_NAME)";
			};
			name = Release;
		};
		284D47F519F1CB0B00B63D18 /* Debug */ = {
			isa = XCBuildConfiguration;
			buildSettings = {
				BUNDLE_LOADER = "$(TEST_HOST)";
				FRAMEWORK_SEARCH_PATHS = (
					"$(SDKROOT)/Developer/Library/Frameworks",
					"$(inherited)",
				);
				GCC_PREPROCESSOR_DEFINITIONS = (
					"DEBUG=1",
					"$(inherited)",
				);
				INFOPLIST_FILE = TestAllServicesAppTests/Info.plist;
				LD_RUNPATH_SEARCH_PATHS = "$(inherited) @executable_path/Frameworks @loader_path/Frameworks";
				PRODUCT_NAME = "$(TARGET_NAME)";
				TEST_HOST = "$(BUILT_PRODUCTS_DIR)/TestAllServicesApp.app/TestAllServicesApp";
			};
			name = Debug;
		};
		284D47F619F1CB0B00B63D18 /* Release */ = {
			isa = XCBuildConfiguration;
			buildSettings = {
				BUNDLE_LOADER = "$(TEST_HOST)";
				FRAMEWORK_SEARCH_PATHS = (
					"$(SDKROOT)/Developer/Library/Frameworks",
					"$(inherited)",
				);
				INFOPLIST_FILE = TestAllServicesAppTests/Info.plist;
				LD_RUNPATH_SEARCH_PATHS = "$(inherited) @executable_path/Frameworks @loader_path/Frameworks";
				PRODUCT_NAME = "$(TARGET_NAME)";
				TEST_HOST = "$(BUILT_PRODUCTS_DIR)/TestAllServicesApp.app/TestAllServicesApp";
			};
			name = Release;
		};
/* End XCBuildConfiguration section */

/* Begin XCConfigurationList section */
		284D47C919F1CB0B00B63D18 /* Build configuration list for PBXProject "TestAllServicesApp" */ = {
			isa = XCConfigurationList;
			buildConfigurations = (
				284D47EF19F1CB0B00B63D18 /* Debug */,
				284D47F019F1CB0B00B63D18 /* Release */,
			);
			defaultConfigurationIsVisible = 0;
			defaultConfigurationName = Release;
		};
		284D47F119F1CB0B00B63D18 /* Build configuration list for PBXNativeTarget "TestAllServicesApp" */ = {
			isa = XCConfigurationList;
			buildConfigurations = (
				284D47F219F1CB0B00B63D18 /* Debug */,
				284D47F319F1CB0B00B63D18 /* Release */,
			);
			defaultConfigurationIsVisible = 0;
			defaultConfigurationName = Release;
		};
		284D47F419F1CB0B00B63D18 /* Build configuration list for PBXNativeTarget "TestAllServicesAppTests" */ = {
			isa = XCConfigurationList;
			buildConfigurations = (
				284D47F519F1CB0B00B63D18 /* Debug */,
				284D47F619F1CB0B00B63D18 /* Release */,
			);
			defaultConfigurationIsVisible = 0;
			defaultConfigurationName = Release;
		};
/* End XCConfigurationList section */
	};
	rootObject = 284D47C619F1CB0B00B63D18 /* Project object */;
}
