// !$*UTF8*$!
{
	archiveVersion = 1;
	classes = {
	};
	objectVersion = 46;
	objects = {

/* Begin PBXBuildFile section */
		281E476819FB96DC002A3169 /* CRAlbum.m in Sources */ = {isa = PBXBuildFile; fileRef = 281E474719FB96DC002A3169 /* CRAlbum.m */; };
		281E476919FB96DC002A3169 /* CRLoader.m in Sources */ = {isa = PBXBuildFile; fileRef = 281E474919FB96DC002A3169 /* CRLoader.m */; };
		281E476A19FB96DC002A3169 /* CRPhoto.m in Sources */ = {isa = PBXBuildFile; fileRef = 281E474B19FB96DC002A3169 /* CRPhoto.m */; };
		281E476B19FB96DC002A3169 /* FBAlbum.m in Sources */ = {isa = PBXBuildFile; fileRef = 281E474E19FB96DC002A3169 /* FBAlbum.m */; };
		281E476C19FB96DC002A3169 /* FBLoader.m in Sources */ = {isa = PBXBuildFile; fileRef = 281E475019FB96DC002A3169 /* FBLoader.m */; };
		281E476D19FB96DC002A3169 /* IGLoader.m in Sources */ = {isa = PBXBuildFile; fileRef = 281E475319FB96DC002A3169 /* IGLoader.m */; };
		281E476E19FB96DC002A3169 /* PSUAlbum.m in Sources */ = {isa = PBXBuildFile; fileRef = 281E475519FB96DC002A3169 /* PSUAlbum.m */; };
		281E476F19FB96DC002A3169 /* PSULoader.m in Sources */ = {isa = PBXBuildFile; fileRef = 281E475719FB96DC002A3169 /* PSULoader.m */; };
		281E477019FB96DC002A3169 /* PSULoginManager.m in Sources */ = {isa = PBXBuildFile; fileRef = 281E475919FB96DC002A3169 /* PSULoginManager.m */; };
		281E477119FB96DC002A3169 /* PSUPhoto.m in Sources */ = {isa = PBXBuildFile; fileRef = 281E475B19FB96DC002A3169 /* PSUPhoto.m */; };
		281E477219FB96DC002A3169 /* PXLoader.m in Sources */ = {isa = PBXBuildFile; fileRef = 281E476019FB96DC002A3169 /* PXLoader.m */; };
		281E477319FB96DC002A3169 /* VItem.m in Sources */ = {isa = PBXBuildFile; fileRef = 281E476319FB96DC002A3169 /* VItem.m */; };
		281E477419FB96DC002A3169 /* VLoader.m in Sources */ = {isa = PBXBuildFile; fileRef = 281E476519FB96DC002A3169 /* VLoader.m */; };
		281E477519FB96DC002A3169 /* WebPhoto.m in Sources */ = {isa = PBXBuildFile; fileRef = 281E476719FB96DC002A3169 /* WebPhoto.m */; };
		281E477819FBAD47002A3169 /* PSUManager.m in Sources */ = {isa = PBXBuildFile; fileRef = 281E477719FBAD47002A3169 /* PSUManager.m */; };
		284D47D419F1CB0B00B63D18 /* main.m in Sources */ = {isa = PBXBuildFile; fileRef = 284D47D319F1CB0B00B63D18 /* main.m */; };
		284D47D719F1CB0B00B63D18 /* AppDelegate.m in Sources */ = {isa = PBXBuildFile; fileRef = 284D47D619F1CB0B00B63D18 /* AppDelegate.m */; };
		284D47DA19F1CB0B00B63D18 /* ViewController.m in Sources */ = {isa = PBXBuildFile; fileRef = 284D47D919F1CB0B00B63D18 /* ViewController.m */; };
		284D47DD19F1CB0B00B63D18 /* Main.storyboard in Resources */ = {isa = PBXBuildFile; fileRef = 284D47DB19F1CB0B00B63D18 /* Main.storyboard */; };
		284D47DF19F1CB0B00B63D18 /* Images.xcassets in Resources */ = {isa = PBXBuildFile; fileRef = 284D47DE19F1CB0B00B63D18 /* Images.xcassets */; };
		284D47E219F1CB0B00B63D18 /* LaunchScreen.xib in Resources */ = {isa = PBXBuildFile; fileRef = 284D47E019F1CB0B00B63D18 /* LaunchScreen.xib */; };
		284D47EE19F1CB0B00B63D18 /* TestAllServicesAppTests.m in Sources */ = {isa = PBXBuildFile; fileRef = 284D47ED19F1CB0B00B63D18 /* TestAllServicesAppTests.m */; };
/* End PBXBuildFile section */

/* Begin PBXContainerItemProxy section */
		284D47E819F1CB0B00B63D18 /* PBXContainerItemProxy */ = {
			isa = PBXContainerItemProxy;
			containerPortal = 284D47C619F1CB0B00B63D18 /* Project object */;
			proxyType = 1;
			remoteGlobalIDString = 284D47CD19F1CB0B00B63D18;
			remoteInfo = TestAllServicesApp;
		};
/* End PBXContainerItemProxy section */

/* Begin PBXFileReference section */
		281E474619FB96DC002A3169 /* CRAlbum.h */ = {isa = PBXFileReference; fileEncoding = 4; lastKnownFileType = sourcecode.c.h; path = CRAlbum.h; sourceTree = "<group>"; };
		281E474719FB96DC002A3169 /* CRAlbum.m */ = {isa = PBXFileReference; fileEncoding = 4; lastKnownFileType = sourcecode.c.objc; path = CRAlbum.m; sourceTree = "<group>"; };
		281E474819FB96DC002A3169 /* CRLoader.h */ = {isa = PBXFileReference; fileEncoding = 4; lastKnownFileType = sourcecode.c.h; path = CRLoader.h; sourceTree = "<group>"; };
		281E474919FB96DC002A3169 /* CRLoader.m */ = {isa = PBXFileReference; fileEncoding = 4; lastKnownFileType = sourcecode.c.objc; path = CRLoader.m; sourceTree = "<group>"; };
		281E474A19FB96DC002A3169 /* CRPhoto.h */ = {isa = PBXFileReference; fileEncoding = 4; lastKnownFileType = sourcecode.c.h; path = CRPhoto.h; sourceTree = "<group>"; };
		281E474B19FB96DC002A3169 /* CRPhoto.m */ = {isa = PBXFileReference; fileEncoding = 4; lastKnownFileType = sourcecode.c.objc; path = CRPhoto.m; sourceTree = "<group>"; };
		281E474D19FB96DC002A3169 /* FBAlbum.h */ = {isa = PBXFileReference; fileEncoding = 4; lastKnownFileType = sourcecode.c.h; path = FBAlbum.h; sourceTree = "<group>"; };
		281E474E19FB96DC002A3169 /* FBAlbum.m */ = {isa = PBXFileReference; fileEncoding = 4; lastKnownFileType = sourcecode.c.objc; path = FBAlbum.m; sourceTree = "<group>"; };
		281E474F19FB96DC002A3169 /* FBLoader.h */ = {isa = PBXFileReference; fileEncoding = 4; lastKnownFileType = sourcecode.c.h; path = FBLoader.h; sourceTree = "<group>"; };
		281E475019FB96DC002A3169 /* FBLoader.m */ = {isa = PBXFileReference; fileEncoding = 4; lastKnownFileType = sourcecode.c.objc; path = FBLoader.m; sourceTree = "<group>"; };
		281E475219FB96DC002A3169 /* IGLoader.h */ = {isa = PBXFileReference; fileEncoding = 4; lastKnownFileType = sourcecode.c.h; path = IGLoader.h; sourceTree = "<group>"; };
		281E475319FB96DC002A3169 /* IGLoader.m */ = {isa = PBXFileReference; fileEncoding = 4; lastKnownFileType = sourcecode.c.objc; path = IGLoader.m; sourceTree = "<group>"; };
		281E475419FB96DC002A3169 /* PSUAlbum.h */ = {isa = PBXFileReference; fileEncoding = 4; lastKnownFileType = sourcecode.c.h; path = PSUAlbum.h; sourceTree = "<group>"; };
		281E475519FB96DC002A3169 /* PSUAlbum.m */ = {isa = PBXFileReference; fileEncoding = 4; lastKnownFileType = sourcecode.c.objc; path = PSUAlbum.m; sourceTree = "<group>"; };
		281E475619FB96DC002A3169 /* PSULoader.h */ = {isa = PBXFileReference; fileEncoding = 4; lastKnownFileType = sourcecode.c.h; path = PSULoader.h; sourceTree = "<group>"; };
		281E475719FB96DC002A3169 /* PSULoader.m */ = {isa = PBXFileReference; fileEncoding = 4; lastKnownFileType = sourcecode.c.objc; path = PSULoader.m; sourceTree = "<group>"; };
		281E475819FB96DC002A3169 /* PSULoginManager.h */ = {isa = PBXFileReference; fileEncoding = 4; lastKnownFileType = sourcecode.c.h; path = PSULoginManager.h; sourceTree = "<group>"; };
		281E475919FB96DC002A3169 /* PSULoginManager.m */ = {isa = PBXFileReference; fileEncoding = 4; lastKnownFileType = sourcecode.c.objc; path = PSULoginManager.m; sourceTree = "<group>"; };
		281E475A19FB96DC002A3169 /* PSUPhoto.h */ = {isa = PBXFileReference; fileEncoding = 4; lastKnownFileType = sourcecode.c.h; path = PSUPhoto.h; sourceTree = "<group>"; };
		281E475B19FB96DC002A3169 /* PSUPhoto.m */ = {isa = PBXFileReference; fileEncoding = 4; lastKnownFileType = sourcecode.c.objc; path = PSUPhoto.m; sourceTree = "<group>"; };
		281E475F19FB96DC002A3169 /* PXLoader.h */ = {isa = PBXFileReference; fileEncoding = 4; lastKnownFileType = sourcecode.c.h; path = PXLoader.h; sourceTree = "<group>"; };
		281E476019FB96DC002A3169 /* PXLoader.m */ = {isa = PBXFileReference; fileEncoding = 4; lastKnownFileType = sourcecode.c.objc; path = PXLoader.m; sourceTree = "<group>"; };
		281E476219FB96DC002A3169 /* VItem.h */ = {isa = PBXFileReference; fileEncoding = 4; lastKnownFileType = sourcecode.c.h; path = VItem.h; sourceTree = "<group>"; };
		281E476319FB96DC002A3169 /* VItem.m */ = {isa = PBXFileReference; fileEncoding = 4; lastKnownFileType = sourcecode.c.objc; path = VItem.m; sourceTree = "<group>"; };
		281E476419FB96DC002A3169 /* VLoader.h */ = {isa = PBXFileReference; fileEncoding = 4; lastKnownFileType = sourcecode.c.h; path = VLoader.h; sourceTree = "<group>"; };
		281E476519FB96DC002A3169 /* VLoader.m */ = {isa = PBXFileReference; fileEncoding = 4; lastKnownFileType = sourcecode.c.objc; path = VLoader.m; sourceTree = "<group>"; };
		281E476619FB96DC002A3169 /* WebPhoto.h */ = {isa = PBXFileReference; fileEncoding = 4; lastKnownFileType = sourcecode.c.h; path = WebPhoto.h; sourceTree = "<group>"; };
		281E476719FB96DC002A3169 /* WebPhoto.m */ = {isa = PBXFileReference; fileEncoding = 4; lastKnownFileType = sourcecode.c.objc; path = WebPhoto.m; sourceTree = "<group>"; };
		281E477619FBAD47002A3169 /* PSUManager.h */ = {isa = PBXFileReference; fileEncoding = 4; lastKnownFileType = sourcecode.c.h; path = PSUManager.h; sourceTree = "<group>"; };
		281E477719FBAD47002A3169 /* PSUManager.m */ = {isa = PBXFileReference; fileEncoding = 4; lastKnownFileType = sourcecode.c.objc; path = PSUManager.m; sourceTree = "<group>"; };
		284D47CE19F1CB0B00B63D18 /* TestAllServicesApp.app */ = {isa = PBXFileReference; explicitFileType = wrapper.application; includeInIndex = 0; path = TestAllServicesApp.app; sourceTree = BUILT_PRODUCTS_DIR; };
		284D47D219F1CB0B00B63D18 /* Info.plist */ = {isa = PBXFileReference; lastKnownFileType = text.plist.xml; path = Info.plist; sourceTree = "<group>"; };
		284D47D319F1CB0B00B63D18 /* main.m */ = {isa = PBXFileReference; lastKnownFileType = sourcecode.c.objc; path = main.m; sourceTree = "<group>"; };
		284D47D519F1CB0B00B63D18 /* AppDelegate.h */ = {isa = PBXFileReference; lastKnownFileType = sourcecode.c.h; path = AppDelegate.h; sourceTree = "<group>"; };
		284D47D619F1CB0B00B63D18 /* AppDelegate.m */ = {isa = PBXFileReference; lastKnownFileType = sourcecode.c.objc; path = AppDelegate.m; sourceTree = "<group>"; };
		284D47D819F1CB0B00B63D18 /* ViewController.h */ = {isa = PBXFileReference; lastKnownFileType = sourcecode.c.h; path = ViewController.h; sourceTree = "<group>"; };
		284D47D919F1CB0B00B63D18 /* ViewController.m */ = {isa = PBXFileReference; lastKnownFileType = sourcecode.c.objc; path = ViewController.m; sourceTree = "<group>"; };
		284D47DC19F1CB0B00B63D18 /* Base */ = {isa = PBXFileReference; lastKnownFileType = file.storyboard; name = Base; path = Base.lproj/Main.storyboard; sourceTree = "<group>"; };
		284D47DE19F1CB0B00B63D18 /* Images.xcassets */ = {isa = PBXFileReference; lastKnownFileType = folder.assetcatalog; path = Images.xcassets; sourceTree = "<group>"; };
		284D47E119F1CB0B00B63D18 /* Base */ = {isa = PBXFileReference; lastKnownFileType = file.xib; name = Base; path = Base.lproj/LaunchScreen.xib; sourceTree = "<group>"; };
		284D47E719F1CB0B00B63D18 /* TestAllServicesAppTests.xctest */ = {isa = PBXFileReference; explicitFileType = wrapper.cfbundle; includeInIndex = 0; path = TestAllServicesAppTests.xctest; sourceTree = BUILT_PRODUCTS_DIR; };
		284D47EC19F1CB0B00B63D18 /* Info.plist */ = {isa = PBXFileReference; lastKnownFileType = text.plist.xml; path = Info.plist; sourceTree = "<group>"; };
		284D47ED19F1CB0B00B63D18 /* TestAllServicesAppTests.m */ = {isa = PBXFileReference; lastKnownFileType = sourcecode.c.objc; path = TestAllServicesAppTests.m; sourceTree = "<group>"; };
/* End PBXFileReference section */

/* Begin PBXFrameworksBuildPhase section */
		284D47CB19F1CB0B00B63D18 /* Frameworks */ = {
			isa = PBXFrameworksBuildPhase;
			buildActionMask = 2147483647;
			files = (
			);
			runOnlyForDeploymentPostprocessing = 0;
		};
		284D47E419F1CB0B00B63D18 /* Frameworks */ = {
			isa = PBXFrameworksBuildPhase;
			buildActionMask = 2147483647;
			files = (
			);
			runOnlyForDeploymentPostprocessing = 0;
		};
/* End PBXFrameworksBuildPhase section */

/* Begin PBXGroup section */
		281E474419FB96DC002A3169 /* src */ = {
			isa = PBXGroup;
			children = (
				281E474519FB96DC002A3169 /* camera roll */,
				281E474C19FB96DC002A3169 /* facebook */,
				281E475119FB96DC002A3169 /* instagram */,
				281E475419FB96DC002A3169 /* PSUAlbum.h */,
				281E475519FB96DC002A3169 /* PSUAlbum.m */,
				281E475619FB96DC002A3169 /* PSULoader.h */,
				281E475719FB96DC002A3169 /* PSULoader.m */,
				281E475819FB96DC002A3169 /* PSULoginManager.h */,
				281E475919FB96DC002A3169 /* PSULoginManager.m */,
				281E475A19FB96DC002A3169 /* PSUPhoto.h */,
				281E475B19FB96DC002A3169 /* PSUPhoto.m */,
				281E475C19FB96DC002A3169 /* nifmagazine.com */,
				281E475D19FB96DC002A3169 /* photosight.ru */,
				281E475E19FB96DC002A3169 /* px500 */,
				281E476119FB96DC002A3169 /* video */,
				281E476619FB96DC002A3169 /* WebPhoto.h */,
				281E476719FB96DC002A3169 /* WebPhoto.m */,
				281E477619FBAD47002A3169 /* PSUManager.h */,
				281E477719FBAD47002A3169 /* PSUManager.m */,
			);
			name = src;
			path = ../../../src;
			sourceTree = "<group>";
		};
		281E474519FB96DC002A3169 /* camera roll */ = {
			isa = PBXGroup;
			children = (
				281E474619FB96DC002A3169 /* CRAlbum.h */,
				281E474719FB96DC002A3169 /* CRAlbum.m */,
				281E474819FB96DC002A3169 /* CRLoader.h */,
				281E474919FB96DC002A3169 /* CRLoader.m */,
				281E474A19FB96DC002A3169 /* CRPhoto.h */,
				281E474B19FB96DC002A3169 /* CRPhoto.m */,
			);
			path = "camera roll";
			sourceTree = "<group>";
		};
		281E474C19FB96DC002A3169 /* facebook */ = {
			isa = PBXGroup;
			children = (
				281E474D19FB96DC002A3169 /* FBAlbum.h */,
				281E474E19FB96DC002A3169 /* FBAlbum.m */,
				281E474F19FB96DC002A3169 /* FBLoader.h */,
				281E475019FB96DC002A3169 /* FBLoader.m */,
			);
			path = facebook;
			sourceTree = "<group>";
		};
		281E475119FB96DC002A3169 /* instagram */ = {
			isa = PBXGroup;
			children = (
				281E475219FB96DC002A3169 /* IGLoader.h */,
				281E475319FB96DC002A3169 /* IGLoader.m */,
			);
			path = instagram;
			sourceTree = "<group>";
		};
		281E475C19FB96DC002A3169 /* nifmagazine.com */ = {
			isa = PBXGroup;
			children = (
			);
			path = nifmagazine.com;
			sourceTree = "<group>";
		};
		281E475D19FB96DC002A3169 /* photosight.ru */ = {
			isa = PBXGroup;
			children = (
			);
			path = photosight.ru;
			sourceTree = "<group>";
		};
		281E475E19FB96DC002A3169 /* px500 */ = {
			isa = PBXGroup;
			children = (
				281E475F19FB96DC002A3169 /* PXLoader.h */,
				281E476019FB96DC002A3169 /* PXLoader.m */,
			);
			path = px500;
			sourceTree = "<group>";
		};
		281E476119FB96DC002A3169 /* video */ = {
			isa = PBXGroup;
			children = (
				281E476219FB96DC002A3169 /* VItem.h */,
				281E476319FB96DC002A3169 /* VItem.m */,
				281E476419FB96DC002A3169 /* VLoader.h */,
				281E476519FB96DC002A3169 /* VLoader.m */,
			);
			path = video;
			sourceTree = "<group>";
		};
		284D47C519F1CB0B00B63D18 = {
			isa = PBXGroup;
			children = (
				284D47D019F1CB0B00B63D18 /* TestAllServicesApp */,
				284D47EA19F1CB0B00B63D18 /* TestAllServicesAppTests */,
				284D47CF19F1CB0B00B63D18 /* Products */,
			);
			sourceTree = "<group>";
		};
		284D47CF19F1CB0B00B63D18 /* Products */ = {
			isa = PBXGroup;
			children = (
				284D47CE19F1CB0B00B63D18 /* TestAllServicesApp.app */,
				284D47E719F1CB0B00B63D18 /* TestAllServicesAppTests.xctest */,
			);
			name = Products;
			sourceTree = "<group>";
		};
		284D47D019F1CB0B00B63D18 /* TestAllServicesApp */ = {
			isa = PBXGroup;
			children = (
				284D47D519F1CB0B00B63D18 /* AppDelegate.h */,
				284D47D619F1CB0B00B63D18 /* AppDelegate.m */,
				284D47D819F1CB0B00B63D18 /* ViewController.h */,
				284D47D919F1CB0B00B63D18 /* ViewController.m */,
				284D47DB19F1CB0B00B63D18 /* Main.storyboard */,
				284D47E019F1CB0B00B63D18 /* LaunchScreen.xib */,
				284D47DE19F1CB0B00B63D18 /* Images.xcassets */,
				284D47F719F1CB6100B63D18 /* lib */,
				284D47D119F1CB0B00B63D18 /* Supporting Files */,
			);
			path = TestAllServicesApp;
			sourceTree = "<group>";
		};
		284D47D119F1CB0B00B63D18 /* Supporting Files */ = {
			isa = PBXGroup;
			children = (
				284D47D219F1CB0B00B63D18 /* Info.plist */,
				284D47D319F1CB0B00B63D18 /* main.m */,
			);
			name = "Supporting Files";
			sourceTree = "<group>";
		};
		284D47EA19F1CB0B00B63D18 /* TestAllServicesAppTests */ = {
			isa = PBXGroup;
			children = (
				284D47ED19F1CB0B00B63D18 /* TestAllServicesAppTests.m */,
				284D47EB19F1CB0B00B63D18 /* Supporting Files */,
			);
			path = TestAllServicesAppTests;
			sourceTree = "<group>";
		};
		284D47EB19F1CB0B00B63D18 /* Supporting Files */ = {
			isa = PBXGroup;
			children = (
				284D47EC19F1CB0B00B63D18 /* Info.plist */,
			);
			name = "Supporting Files";
			sourceTree = "<group>";
		};
		284D47F719F1CB6100B63D18 /* lib */ = {
			isa = PBXGroup;
			children = (
				281E474419FB96DC002A3169 /* src */,
			);
			name = lib;
			sourceTree = "<group>";
		};
/* End PBXGroup section */

/* Begin PBXNativeTarget section */
		284D47CD19F1CB0B00B63D18 /* TestAllServicesApp */ = {
			isa = PBXNativeTarget;
			buildConfigurationList = 284D47F119F1CB0B00B63D18 /* Build configuration list for PBXNativeTarget "TestAllServicesApp" */;
			buildPhases = (
				284D47CA19F1CB0B00B63D18 /* Sources */,
				284D47CB19F1CB0B00B63D18 /* Frameworks */,
				284D47CC19F1CB0B00B63D18 /* Resources */,
			);
			buildRules = (
			);
			dependencies = (
			);
			name = TestAllServicesApp;
			productName = TestAllServicesApp;
			productReference = 284D47CE19F1CB0B00B63D18 /* TestAllServicesApp.app */;
			productType = "com.apple.product-type.application";
		};
		284D47E619F1CB0B00B63D18 /* TestAllServicesAppTests */ = {
			isa = PBXNativeTarget;
			buildConfigurationList = 284D47F419F1CB0B00B63D18 /* Build configuration list for PBXNativeTarget "TestAllServicesAppTests" */;
			buildPhases = (
				284D47E319F1CB0B00B63D18 /* Sources */,
				284D47E419F1CB0B00B63D18 /* Frameworks */,
				284D47E519F1CB0B00B63D18 /* Resources */,
			);
			buildRules = (
			);
			dependencies = (
				284D47E919F1CB0B00B63D18 /* PBXTargetDependency */,
			);
			name = TestAllServicesAppTests;
			productName = TestAllServicesAppTests;
			productReference = 284D47E719F1CB0B00B63D18 /* TestAllServicesAppTests.xctest */;
			productType = "com.apple.product-type.bundle.unit-test";
		};
/* End PBXNativeTarget section */

/* Begin PBXProject section */
		284D47C619F1CB0B00B63D18 /* Project object */ = {
			isa = PBXProject;
			attributes = {
				LastUpgradeCheck = 0600;
				ORGANIZATIONNAME = "Baluta Cristian";
				TargetAttributes = {
					284D47CD19F1CB0B00B63D18 = {
						CreatedOnToolsVersion = 6.0.1;
					};
					284D47E619F1CB0B00B63D18 = {
						CreatedOnToolsVersion = 6.0.1;
						TestTargetID = 284D47CD19F1CB0B00B63D18;
					};
				};
			};
			buildConfigurationList = 284D47C919F1CB0B00B63D18 /* Build configuration list for PBXProject "TestAllServicesApp" */;
			compatibilityVersion = "Xcode 3.2";
			developmentRegion = English;
			hasScannedForEncodings = 0;
			knownRegions = (
				en,
				Base,
			);
			mainGroup = 284D47C519F1CB0B00B63D18;
			productRefGroup = 284D47CF19F1CB0B00B63D18 /* Products */;
			projectDirPath = "";
			projectRoot = "";
			targets = (
				284D47CD19F1CB0B00B63D18 /* TestAllServicesApp */,
				284D47E619F1CB0B00B63D18 /* TestAllServicesAppTests */,
			);
		};
/* End PBXProject section */

/* Begin PBXResourcesBuildPhase section */
		284D47CC19F1CB0B00B63D18 /* Resources */ = {
			isa = PBXResourcesBuildPhase;
			buildActionMask = 2147483647;
			files = (
				284D47DD19F1CB0B00B63D18 /* Main.storyboard in Resources */,
				284D47E219F1CB0B00B63D18 /* LaunchScreen.xib in Resources */,
				284D47DF19F1CB0B00B63D18 /* Images.xcassets in Resources */,
			);
			runOnlyForDeploymentPostprocessing = 0;
		};
		284D47E519F1CB0B00B63D18 /* Resources */ = {
			isa = PBXResourcesBuildPhase;
			buildActionMask = 2147483647;
			files = (
			);
			runOnlyForDeploymentPostprocessing = 0;
		};
/* End PBXResourcesBuildPhase section */

/* Begin PBXSourcesBuildPhase section */
		284D47CA19F1CB0B00B63D18 /* Sources */ = {
			isa = PBXSourcesBuildPhase;
			buildActionMask = 2147483647;
			files = (
				281E477219FB96DC002A3169 /* PXLoader.m in Sources */,
				281E477419FB96DC002A3169 /* VLoader.m in Sources */,
				281E476B19FB96DC002A3169 /* FBAlbum.m in Sources */,
				281E476919FB96DC002A3169 /* CRLoader.m in Sources */,
				284D47DA19F1CB0B00B63D18 /* ViewController.m in Sources */,
				281E476D19FB96DC002A3169 /* IGLoader.m in Sources */,
				281E476A19FB96DC002A3169 /* CRPhoto.m in Sources */,
				281E476E19FB96DC002A3169 /* PSUAlbum.m in Sources */,
				281E477819FBAD47002A3169 /* PSUManager.m in Sources */,
				281E477519FB96DC002A3169 /* WebPhoto.m in Sources */,
				281E476C19FB96DC002A3169 /* FBLoader.m in Sources */,
				281E477019FB96DC002A3169 /* PSULoginManager.m in Sources */,
				281E477319FB96DC002A3169 /* VItem.m in Sources */,
				281E476819FB96DC002A3169 /* CRAlbum.m in Sources */,
				281E477119FB96DC002A3169 /* PSUPhoto.m in Sources */,
				284D47D719F1CB0B00B63D18 /* AppDelegate.m in Sources */,
				281E476F19FB96DC002A3169 /* PSULoader.m in Sources */,
				284D47D419F1CB0B00B63D18 /* main.m in Sources */,
			);
			runOnlyForDeploymentPostprocessing = 0;
		};
		284D47E319F1CB0B00B63D18 /* Sources */ = {
			isa = PBXSourcesBuildPhase;
			buildActionMask = 2147483647;
			files = (
				284D47EE19F1CB0B00B63D18 /* TestAllServicesAppTests.m in Sources */,
			);
			runOnlyForDeploymentPostprocessing = 0;
		};
/* End PBXSourcesBuildPhase section */

/* Begin PBXTargetDependency section */
		284D47E919F1CB0B00B63D18 /* PBXTargetDependency */ = {
			isa = PBXTargetDependency;
			target = 284D47CD19F1CB0B00B63D18 /* TestAllServicesApp */;
			targetProxy = 284D47E819F1CB0B00B63D18 /* PBXContainerItemProxy */;
		};
/* End PBXTargetDependency section */

/* Begin PBXVariantGroup section */
		284D47DB19F1CB0B00B63D18 /* Main.storyboard */ = {
			isa = PBXVariantGroup;
			children = (
				284D47DC19F1CB0B00B63D18 /* Base */,
			);
			name = Main.storyboard;
			sourceTree = "<group>";
		};
		284D47E019F1CB0B00B63D18 /* LaunchScreen.xib */ = {
			isa = PBXVariantGroup;
			children = (
				284D47E119F1CB0B00B63D18 /* Base */,
			);
			name = LaunchScreen.xib;
			sourceTree = "<group>";
		};
/* End PBXVariantGroup section */

/* Begin XCBuildConfiguration section */
		284D47EF19F1CB0B00B63D18 /* Debug */ = {
			isa = XCBuildConfiguration;
			buildSettings = {
				ALWAYS_SEARCH_USER_PATHS = NO;
				CLANG_CXX_LANGUAGE_STANDARD = "gnu++0x";
				CLANG_CXX_LIBRARY = "libc++";
				CLANG_ENABLE_MODULES = YES;
				CLANG_ENABLE_OBJC_ARC = YES;
				CLANG_WARN_BOOL_CONVERSION = YES;
				CLANG_WARN_CONSTANT_CONVERSION = YES;
				CLANG_WARN_DIRECT_OBJC_ISA_USAGE = YES_ERROR;
				CLANG_WARN_EMPTY_BODY = YES;
				CLANG_WARN_ENUM_CONVERSION = YES;
				CLANG_WARN_INT_CONVERSION = YES;
				CLANG_WARN_OBJC_ROOT_CLASS = YES_ERROR;
				CLANG_WARN_UNREACHABLE_CODE = YES;
				CLANG_WARN__DUPLICATE_METHOD_MATCH = YES;
				"CODE_SIGN_IDENTITY[sdk=iphoneos*]" = "iPhone Developer";
				COPY_PHASE_STRIP = NO;
				ENABLE_STRICT_OBJC_MSGSEND = YES;
				GCC_C_LANGUAGE_STANDARD = gnu99;
				GCC_DYNAMIC_NO_PIC = NO;
				GCC_OPTIMIZATION_LEVEL = 0;
				GCC_PREPROCESSOR_DEFINITIONS = (
					"DEBUG=1",
					"$(inherited)",
				);
				GCC_SYMBOLS_PRIVATE_EXTERN = NO;
				GCC_WARN_64_TO_32_BIT_CONVERSION = YES;
				GCC_WARN_ABOUT_RETURN_TYPE = YES_ERROR;
				GCC_WARN_UNDECLARED_SELECTOR = YES;
				GCC_WARN_UNINITIALIZED_AUTOS = YES_AGGRESSIVE;
				GCC_WARN_UNUSED_FUNCTION = YES;
				GCC_WARN_UNUSED_VARIABLE = YES;
				IPHONEOS_DEPLOYMENT_TARGET = 8.0;
				MTL_ENABLE_DEBUG_INFO = YES;
				ONLY_ACTIVE_ARCH = YES;
				SDKROOT = iphoneos;
				TARGETED_DEVICE_FAMILY = "1,2";
			};
			name = Debug;
		};
		284D47F019F1CB0B00B63D18 /* Release */ = {
			isa = XCBuildConfiguration;
			buildSettings = {
				ALWAYS_SEARCH_USER_PATHS = NO;
				CLANG_CXX_LANGUAGE_STANDARD = "gnu++0x";
				CLANG_CXX_LIBRARY = "libc++";
				CLANG_ENABLE_MODULES = YES;
				CLANG_ENABLE_OBJC_ARC = YES;
				CLANG_WARN_BOOL_CONVERSION = YES;
				CLANG_WARN_CONSTANT_CONVERSION = YES;
				CLANG_WARN_DIRECT_OBJC_ISA_USAGE = YES_ERROR;
				CLANG_WARN_EMPTY_BODY = YES;
				CLANG_WARN_ENUM_CONVERSION = YES;
				CLANG_WARN_INT_CONVERSION = YES;
				CLANG_WARN_OBJC_ROOT_CLASS = YES_ERROR;
				CLANG_WARN_UNREACHABLE_CODE = YES;
				CLANG_WARN__DUPLICATE_METHOD_MATCH = YES;
				"CODE_SIGN_IDENTITY[sdk=iphoneos*]" = "iPhone Developer";
				COPY_PHASE_STRIP = YES;
				ENABLE_NS_ASSERTIONS = NO;
				ENABLE_STRICT_OBJC_MSGSEND = YES;
				GCC_C_LANGUAGE_STANDARD = gnu99;
				GCC_WARN_64_TO_32_BIT_CONVERSION = YES;
				GCC_WARN_ABOUT_RETURN_TYPE = YES_ERROR;
				GCC_WARN_UNDECLARED_SELECTOR = YES;
				GCC_WARN_UNINITIALIZED_AUTOS = YES_AGGRESSIVE;
				GCC_WARN_UNUSED_FUNCTION = YES;
				GCC_WARN_UNUSED_VARIABLE = YES;
				IPHONEOS_DEPLOYMENT_TARGET = 8.0;
				MTL_ENABLE_DEBUG_INFO = NO;
				SDKROOT = iphoneos;
				TARGETED_DEVICE_FAMILY = "1,2";
				VALIDATE_PRODUCT = YES;
			};
			name = Release;
		};
		284D47F219F1CB0B00B63D18 /* Debug */ = {
			isa = XCBuildConfiguration;
			buildSettings = {
				ASSETCATALOG_COMPILER_APPICON_NAME = AppIcon;
				INFOPLIST_FILE = TestAllServicesApp/Info.plist;
				LD_RUNPATH_SEARCH_PATHS = "$(inherited) @executable_path/Frameworks";
				PRODUCT_NAME = "$(TARGET_NAME)";
			};
			name = Debug;
		};
		284D47F319F1CB0B00B63D18 /* Release */ = {
			isa = XCBuildConfiguration;
			buildSettings = {
				ASSETCATALOG_COMPILER_APPICON_NAME = AppIcon;
				INFOPLIST_FILE = TestAllServicesApp/Info.plist;
				LD_RUNPATH_SEARCH_PATHS = "$(inherited) @executable_path/Frameworks";
				PRODUCT_NAME = "$(TARGET_NAME)";
			};
			name = Release;
		};
		284D47F519F1CB0B00B63D18 /* Debug */ = {
			isa = XCBuildConfiguration;
			buildSettings = {
				BUNDLE_LOADER = "$(TEST_HOST)";
				FRAMEWORK_SEARCH_PATHS = (
					"$(SDKROOT)/Developer/Library/Frameworks",
					"$(inherited)",
				);
				GCC_PREPROCESSOR_DEFINITIONS = (
					"DEBUG=1",
					"$(inherited)",
				);
				INFOPLIST_FILE = TestAllServicesAppTests/Info.plist;
				LD_RUNPATH_SEARCH_PATHS = "$(inherited) @executable_path/Frameworks @loader_path/Frameworks";
				PRODUCT_NAME = "$(TARGET_NAME)";
				TEST_HOST = "$(BUILT_PRODUCTS_DIR)/TestAllServicesApp.app/TestAllServicesApp";
			};
			name = Debug;
		};
		284D47F619F1CB0B00B63D18 /* Release */ = {
			isa = XCBuildConfiguration;
			buildSettings = {
				BUNDLE_LOADER = "$(TEST_HOST)";
				FRAMEWORK_SEARCH_PATHS = (
					"$(SDKROOT)/Developer/Library/Frameworks",
					"$(inherited)",
				);
				INFOPLIST_FILE = TestAllServicesAppTests/Info.plist;
				LD_RUNPATH_SEARCH_PATHS = "$(inherited) @executable_path/Frameworks @loader_path/Frameworks";
				PRODUCT_NAME = "$(TARGET_NAME)";
				TEST_HOST = "$(BUILT_PRODUCTS_DIR)/TestAllServicesApp.app/TestAllServicesApp";
			};
			name = Release;
		};
/* End XCBuildConfiguration section */

/* Begin XCConfigurationList section */
		284D47C919F1CB0B00B63D18 /* Build configuration list for PBXProject "TestAllServicesApp" */ = {
			isa = XCConfigurationList;
			buildConfigurations = (
				284D47EF19F1CB0B00B63D18 /* Debug */,
				284D47F019F1CB0B00B63D18 /* Release */,
			);
			defaultConfigurationIsVisible = 0;
			defaultConfigurationName = Release;
		};
		284D47F119F1CB0B00B63D18 /* Build configuration list for PBXNativeTarget "TestAllServicesApp" */ = {
			isa = XCConfigurationList;
			buildConfigurations = (
				284D47F219F1CB0B00B63D18 /* Debug */,
				284D47F319F1CB0B00B63D18 /* Release */,
			);
			defaultConfigurationIsVisible = 0;
			defaultConfigurationName = Release;
		};
		284D47F419F1CB0B00B63D18 /* Build configuration list for PBXNativeTarget "TestAllServicesAppTests" */ = {
			isa = XCConfigurationList;
			buildConfigurations = (
				284D47F519F1CB0B00B63D18 /* Debug */,
				284D47F619F1CB0B00B63D18 /* Release */,
			);
			defaultConfigurationIsVisible = 0;
			defaultConfigurationName = Release;
		};
/* End XCConfigurationList section */
	};
	rootObject = 284D47C619F1CB0B00B63D18 /* Project object */;
}
